{
  "016": "f82f1ce6fe507cf6444626ce35bd407e639aafba04549a0cd13b5d453f8d1181",
  "017": "a08998e13e3df939be8c1116876cc39895c15233943f267a7d6bd3e548426ea2",
  "018": "cd4b23e2cf5e0b1141a864d47ec3ea019ee4d0b363bac76f20681d2ede57e553",
  "019": "a499d9161cbbfd5ec0ee5bf69a799baf56f7c28551d4058a52a32e7d81e34722",
  "020": "bfe78997c08e9cb732cf1d37ce93a26ef776d8c21871fda4a652802f50481e98",
  "021": "df3081cd7dceba8fb2a11d92cacb3abfac1e4f882dba456a1f4944bd7d02add7",
  "022": "e3626d2fad80bbfcd99fbc83a3d9288abae8bacb6b607469e8e5a15b5414f5e2",
  "023": "8a81f9b4c75378a27ac9b2436de09ea4747e239b82bb4e8f7eb365076412c64b",
  "024": "328defca9a6da54d91217bb9695dbdc6c23d3e20040a032f38cd350b6bb9e81d",
  "025": "7d63f23ebcd07f96161d850e97d8eac0af03d1212e94ab226fb6b364d7138018"
}
